
Microsoft Visual Studio Solution File, Format Version 12.00
# Visual Studio Version 16
VisualStudioVersion = 16.0.31205.134
MinimumVisualStudioVersion = 10.0.40219.1
Project("{FAE04EC0-301F-11D3-BF4B-00C04F79EFBC}") = "GenericListTester", "GenericListTester\GenericListTester.csproj", "{5D4DDC7A-AAB9-4CA1-97A8-0BD3539F9FF2}"
EndProject
Project("{FAE04EC0-301F-11D3-BF4B-00C04F79EFBC}") = "KaartGokker", "KaartGokker\KaartGokker.csproj", "{A338CCA7-3CBA-4CE6-A131-461762461522}"
EndProject
Global
	GlobalSection(SolutionConfigurationPlatforms) = preSolution
		Debug|Any CPU = Debug|Any CPU
		Release|Any CPU = Release|Any CPU
	EndGlobalSection
	GlobalSection(ProjectConfigurationPlatforms) = postSolution
		{5D4DDC7A-AAB9-4CA1-97A8-0BD3539F9FF2}.Debug|Any CPU.ActiveCfg = Debug|Any CPU
		{5D4DDC7A-AAB9-4CA1-97A8-0BD3539F9FF2}.Debug|Any CPU.Build.0 = Debug|Any CPU
		{5D4DDC7A-AAB9-4CA1-97A8-0BD3539F9FF2}.Release|Any CPU.ActiveCfg = Release|Any CPU
		{5D4DDC7A-AAB9-4CA1-97A8-0BD3539F9FF2}.Release|Any CPU.Build.0 = Release|Any CPU
		{A338CCA7-3CBA-4CE6-A131-461762461522}.Debug|Any CPU.ActiveCfg = Debug|Any CPU
		{A338CCA7-3CBA-4CE6-A131-461762461522}.Debug|Any CPU.Build.0 = Debug|Any CPU
		{A338CCA7-3CBA-4CE6-A131-461762461522}.Release|Any CPU.ActiveCfg = Release|Any CPU
		{A338CCA7-3CBA-4CE6-A131-461762461522}.Release|Any CPU.Build.0 = Release|Any CPU
	EndGlobalSection
	GlobalSection(SolutionProperties) = preSolution
		HideSolutionNode = FALSE
	EndGlobalSection
	GlobalSection(ExtensibilityGlobals) = postSolution
		SolutionGuid = {DE6E0314-4649-47D9-9623-28C1EA337207}
	EndGlobalSection
EndGlobal
