
Microsoft Visual Studio Solution File, Format Version 12.00
# Visual Studio Version 16
VisualStudioVersion = 16.0.31205.134
MinimumVisualStudioVersion = 10.0.40219.1
Project("{FAE04EC0-301F-11D3-BF4B-00C04F79EFBC}") = "Figures with interfaces", "Figures with interfaces\Figures with interfaces.csproj", "{7CA241A8-5FA1-4F12-96A3-451AA32DCFF4}"
EndProject
Project("{FAE04EC0-301F-11D3-BF4B-00C04F79EFBC}") = "Mapmaker afwerken", "Mapmaker afwerken\Mapmaker afwerken.csproj", "{5306C6AD-DF42-4CE8-B17F-72AFA1B6B6CB}"
EndProject
Project("{FAE04EC0-301F-11D3-BF4B-00C04F79EFBC}") = "Game", "Game\Game.csproj", "{99514DCC-6B7C-405F-830E-3247088DD43F}"
EndProject
Global
	GlobalSection(SolutionConfigurationPlatforms) = preSolution
		Debug|Any CPU = Debug|Any CPU
		Release|Any CPU = Release|Any CPU
	EndGlobalSection
	GlobalSection(ProjectConfigurationPlatforms) = postSolution
		{7CA241A8-5FA1-4F12-96A3-451AA32DCFF4}.Debug|Any CPU.ActiveCfg = Debug|Any CPU
		{7CA241A8-5FA1-4F12-96A3-451AA32DCFF4}.Debug|Any CPU.Build.0 = Debug|Any CPU
		{7CA241A8-5FA1-4F12-96A3-451AA32DCFF4}.Release|Any CPU.ActiveCfg = Release|Any CPU
		{7CA241A8-5FA1-4F12-96A3-451AA32DCFF4}.Release|Any CPU.Build.0 = Release|Any CPU
		{5306C6AD-DF42-4CE8-B17F-72AFA1B6B6CB}.Debug|Any CPU.ActiveCfg = Debug|Any CPU
		{5306C6AD-DF42-4CE8-B17F-72AFA1B6B6CB}.Debug|Any CPU.Build.0 = Debug|Any CPU
		{5306C6AD-DF42-4CE8-B17F-72AFA1B6B6CB}.Release|Any CPU.ActiveCfg = Release|Any CPU
		{5306C6AD-DF42-4CE8-B17F-72AFA1B6B6CB}.Release|Any CPU.Build.0 = Release|Any CPU
		{99514DCC-6B7C-405F-830E-3247088DD43F}.Debug|Any CPU.ActiveCfg = Debug|Any CPU
		{99514DCC-6B7C-405F-830E-3247088DD43F}.Debug|Any CPU.Build.0 = Debug|Any CPU
		{99514DCC-6B7C-405F-830E-3247088DD43F}.Release|Any CPU.ActiveCfg = Release|Any CPU
		{99514DCC-6B7C-405F-830E-3247088DD43F}.Release|Any CPU.Build.0 = Release|Any CPU
	EndGlobalSection
	GlobalSection(SolutionProperties) = preSolution
		HideSolutionNode = FALSE
	EndGlobalSection
	GlobalSection(ExtensibilityGlobals) = postSolution
		SolutionGuid = {7786C834-464E-4E03-8130-4EC1C2A58A9B}
	EndGlobalSection
EndGlobal
