
Microsoft Visual Studio Solution File, Format Version 12.00
# Visual Studio Version 16
VisualStudioVersion = 16.0.31205.134
MinimumVisualStudioVersion = 10.0.40219.1
Project("{FAE04EC0-301F-11D3-BF4B-00C04F79EFBC}") = "Pokémon extra", "Pokémon extra\Pokémon extra.csproj", "{900E918C-9070-406E-9BA7-98DBC6CE2EBE}"
EndProject
Project("{FAE04EC0-301F-11D3-BF4B-00C04F79EFBC}") = "Bookmark extra", "Bookmark extra\Bookmark extra.csproj", "{0016C64A-25A4-4B12-A179-8B0A6953EF14}"
EndProject
Project("{FAE04EC0-301F-11D3-BF4B-00C04F79EFBC}") = "Book", "Book\Book.csproj", "{17525E66-58B2-47CE-8E98-CFB0E16F637E}"
EndProject
Global
	GlobalSection(SolutionConfigurationPlatforms) = preSolution
		Debug|Any CPU = Debug|Any CPU
		Release|Any CPU = Release|Any CPU
	EndGlobalSection
	GlobalSection(ProjectConfigurationPlatforms) = postSolution
		{900E918C-9070-406E-9BA7-98DBC6CE2EBE}.Debug|Any CPU.ActiveCfg = Debug|Any CPU
		{900E918C-9070-406E-9BA7-98DBC6CE2EBE}.Debug|Any CPU.Build.0 = Debug|Any CPU
		{900E918C-9070-406E-9BA7-98DBC6CE2EBE}.Release|Any CPU.ActiveCfg = Release|Any CPU
		{900E918C-9070-406E-9BA7-98DBC6CE2EBE}.Release|Any CPU.Build.0 = Release|Any CPU
		{0016C64A-25A4-4B12-A179-8B0A6953EF14}.Debug|Any CPU.ActiveCfg = Debug|Any CPU
		{0016C64A-25A4-4B12-A179-8B0A6953EF14}.Debug|Any CPU.Build.0 = Debug|Any CPU
		{0016C64A-25A4-4B12-A179-8B0A6953EF14}.Release|Any CPU.ActiveCfg = Release|Any CPU
		{0016C64A-25A4-4B12-A179-8B0A6953EF14}.Release|Any CPU.Build.0 = Release|Any CPU
		{17525E66-58B2-47CE-8E98-CFB0E16F637E}.Debug|Any CPU.ActiveCfg = Debug|Any CPU
		{17525E66-58B2-47CE-8E98-CFB0E16F637E}.Debug|Any CPU.Build.0 = Debug|Any CPU
		{17525E66-58B2-47CE-8E98-CFB0E16F637E}.Release|Any CPU.ActiveCfg = Release|Any CPU
		{17525E66-58B2-47CE-8E98-CFB0E16F637E}.Release|Any CPU.Build.0 = Release|Any CPU
	EndGlobalSection
	GlobalSection(SolutionProperties) = preSolution
		HideSolutionNode = FALSE
	EndGlobalSection
	GlobalSection(ExtensibilityGlobals) = postSolution
		SolutionGuid = {76E6EA95-B522-4E40-BD47-7EB7765EC1C3}
	EndGlobalSection
EndGlobal
