
Microsoft Visual Studio Solution File, Format Version 12.00
# Visual Studio Version 16
VisualStudioVersion = 16.0.31112.23
MinimumVisualStudioVersion = 10.0.40219.1
Project("{9A19103F-16F7-4668-BE54-9A1E7A4F7556}") = "Supercomputer", "Supercomputer\Supercomputer.csproj", "{09DB2798-6106-4355-9740-6020F32712A9}"
EndProject
Project("{FAE04EC0-301F-11D3-BF4B-00C04F79EFBC}") = "wim-forton-circel", "wim-forton-circel\wim-forton-circel.csproj", "{922B7781-E213-4CAE-B842-0401C0F365CD}"
EndProject
Project("{FAE04EC0-301F-11D3-BF4B-00C04F79EFBC}") = "Geometric-fun", "Geometric-fun\Geometric-fun.csproj", "{ABB8F8BE-C8AA-46B5-B468-B4A8A1085657}"
EndProject
Project("{FAE04EC0-301F-11D3-BF4B-00C04F79EFBC}") = "BMI berekenaar", "BMI berekenaar\BMI berekenaar.csproj", "{3769701D-4D89-40CB-BD3D-B988AEC5E6E9}"
EndProject
Project("{FAE04EC0-301F-11D3-BF4B-00C04F79EFBC}") = "Op-de-poef", "Op-de-poef\Op-de-poef.csproj", "{1E870BB7-A7DD-4802-BC53-F31DF34C492B}"
EndProject
Project("{FAE04EC0-301F-11D3-BF4B-00C04F79EFBC}") = "Feestkassa", "Feestkassa\Feestkassa.csproj", "{F81257E9-A98C-48A3-B119-9A681373E891}"
EndProject
Project("{FAE04EC0-301F-11D3-BF4B-00C04F79EFBC}") = "Het Orakeltje van Delphi", "Het Orakeltje van Delphi\Het Orakeltje van Delphi.csproj", "{F99B3D81-FD6D-4326-AB7E-9A927C6184D8}"
EndProject
Project("{FAE04EC0-301F-11D3-BF4B-00C04F79EFBC}") = "Random invoer", "Random invoer\Random invoer.csproj", "{32FFD312-5FB8-4954-9C4C-856C5C76E5FF}"
EndProject
Global
	GlobalSection(SolutionConfigurationPlatforms) = preSolution
		Debug|Any CPU = Debug|Any CPU
		Release|Any CPU = Release|Any CPU
	EndGlobalSection
	GlobalSection(ProjectConfigurationPlatforms) = postSolution
		{09DB2798-6106-4355-9740-6020F32712A9}.Debug|Any CPU.ActiveCfg = Debug|Any CPU
		{09DB2798-6106-4355-9740-6020F32712A9}.Debug|Any CPU.Build.0 = Debug|Any CPU
		{09DB2798-6106-4355-9740-6020F32712A9}.Release|Any CPU.ActiveCfg = Release|Any CPU
		{09DB2798-6106-4355-9740-6020F32712A9}.Release|Any CPU.Build.0 = Release|Any CPU
		{922B7781-E213-4CAE-B842-0401C0F365CD}.Debug|Any CPU.ActiveCfg = Debug|Any CPU
		{922B7781-E213-4CAE-B842-0401C0F365CD}.Debug|Any CPU.Build.0 = Debug|Any CPU
		{922B7781-E213-4CAE-B842-0401C0F365CD}.Release|Any CPU.ActiveCfg = Release|Any CPU
		{922B7781-E213-4CAE-B842-0401C0F365CD}.Release|Any CPU.Build.0 = Release|Any CPU
		{ABB8F8BE-C8AA-46B5-B468-B4A8A1085657}.Debug|Any CPU.ActiveCfg = Debug|Any CPU
		{ABB8F8BE-C8AA-46B5-B468-B4A8A1085657}.Debug|Any CPU.Build.0 = Debug|Any CPU
		{ABB8F8BE-C8AA-46B5-B468-B4A8A1085657}.Release|Any CPU.ActiveCfg = Release|Any CPU
		{ABB8F8BE-C8AA-46B5-B468-B4A8A1085657}.Release|Any CPU.Build.0 = Release|Any CPU
		{3769701D-4D89-40CB-BD3D-B988AEC5E6E9}.Debug|Any CPU.ActiveCfg = Debug|Any CPU
		{3769701D-4D89-40CB-BD3D-B988AEC5E6E9}.Debug|Any CPU.Build.0 = Debug|Any CPU
		{3769701D-4D89-40CB-BD3D-B988AEC5E6E9}.Release|Any CPU.ActiveCfg = Release|Any CPU
		{3769701D-4D89-40CB-BD3D-B988AEC5E6E9}.Release|Any CPU.Build.0 = Release|Any CPU
		{1E870BB7-A7DD-4802-BC53-F31DF34C492B}.Debug|Any CPU.ActiveCfg = Debug|Any CPU
		{1E870BB7-A7DD-4802-BC53-F31DF34C492B}.Debug|Any CPU.Build.0 = Debug|Any CPU
		{1E870BB7-A7DD-4802-BC53-F31DF34C492B}.Release|Any CPU.ActiveCfg = Release|Any CPU
		{1E870BB7-A7DD-4802-BC53-F31DF34C492B}.Release|Any CPU.Build.0 = Release|Any CPU
		{F81257E9-A98C-48A3-B119-9A681373E891}.Debug|Any CPU.ActiveCfg = Debug|Any CPU
		{F81257E9-A98C-48A3-B119-9A681373E891}.Debug|Any CPU.Build.0 = Debug|Any CPU
		{F81257E9-A98C-48A3-B119-9A681373E891}.Release|Any CPU.ActiveCfg = Release|Any CPU
		{F81257E9-A98C-48A3-B119-9A681373E891}.Release|Any CPU.Build.0 = Release|Any CPU
		{F99B3D81-FD6D-4326-AB7E-9A927C6184D8}.Debug|Any CPU.ActiveCfg = Debug|Any CPU
		{F99B3D81-FD6D-4326-AB7E-9A927C6184D8}.Debug|Any CPU.Build.0 = Debug|Any CPU
		{F99B3D81-FD6D-4326-AB7E-9A927C6184D8}.Release|Any CPU.ActiveCfg = Release|Any CPU
		{F99B3D81-FD6D-4326-AB7E-9A927C6184D8}.Release|Any CPU.Build.0 = Release|Any CPU
		{32FFD312-5FB8-4954-9C4C-856C5C76E5FF}.Debug|Any CPU.ActiveCfg = Debug|Any CPU
		{32FFD312-5FB8-4954-9C4C-856C5C76E5FF}.Debug|Any CPU.Build.0 = Debug|Any CPU
		{32FFD312-5FB8-4954-9C4C-856C5C76E5FF}.Release|Any CPU.ActiveCfg = Release|Any CPU
		{32FFD312-5FB8-4954-9C4C-856C5C76E5FF}.Release|Any CPU.Build.0 = Release|Any CPU
	EndGlobalSection
	GlobalSection(SolutionProperties) = preSolution
		HideSolutionNode = FALSE
	EndGlobalSection
	GlobalSection(ExtensibilityGlobals) = postSolution
		SolutionGuid = {7EA4648E-CADF-4787-BB11-8EC86436CFAF}
	EndGlobalSection
EndGlobal
